// !$*UTF8*$!
{
	archiveVersion = 1;
	classes = {
	};
	objectVersion = 56;
	objects = {

/* Begin PBXBuildFile section */
		F098B6622C6E43B2005B999A /* AppDelegate.swift in Sources */ = {isa = PBXBuildFile; fileRef = F098B6612C6E43B2005B999A /* AppDelegate.swift */; };
		F098B6692C6E43B2005B999A /* Base in Resources */ = {isa = PBXBuildFile; fileRef = F098B6682C6E43B2005B999A /* Base */; };
		F098B66B2C6E43B4005B999A /* Assets.xcassets in Resources */ = {isa = PBXBuildFile; fileRef = F098B66A2C6E43B4005B999A /* Assets.xcassets */; };
		F098B66E2C6E43B4005B999A /* Base in Resources */ = {isa = PBXBuildFile; fileRef = F098B66D2C6E43B4005B999A /* Base */; };
		F098B6872C6EA0DA005B999A /* GLView.swift in Sources */ = {isa = PBXBuildFile; fileRef = F098B67F2C6EA0DA005B999A /* GLView.swift */; };
		F098B6882C6EA0DA005B999A /* GLViewController.swift in Sources */ = {isa = PBXBuildFile; fileRef = F098B6802C6EA0DA005B999A /* GLViewController.swift */; };
		F098B6892C6EA0DA005B999A /* Assets.xcassets in Resources */ = {isa = PBXBuildFile; fileRef = F098B6812C6EA0DA005B999A /* Assets.xcassets */; };
		F0DAFF842C70DBD800EC7745 /* MetalANGLEKit.framework in Frameworks */ = {isa = PBXBuildFile; fileRef = F0DAFF802C70DA7500EC7745 /* MetalANGLEKit.framework */; };
		F0DAFF852C70DBD800EC7745 /* MetalANGLEKit.framework in Embed Frameworks */ = {isa = PBXBuildFile; fileRef = F0DAFF802C70DA7500EC7745 /* MetalANGLEKit.framework */; settings = {ATTRIBUTES = (CodeSignOnCopy, RemoveHeadersOnCopy, ); }; };
/* End PBXBuildFile section */

/* Begin PBXContainerItemProxy section */
		F0DAFF7F2C70DA7500EC7745 /* PBXContainerItemProxy */ = {
			isa = PBXContainerItemProxy;
			containerPortal = F0DAFF7B2C70DA7500EC7745 /* MetalANGLEKit.xcodeproj */;
			proxyType = 2;
			remoteGlobalIDString = F098B6002C6B7160005B999A;
			remoteInfo = MetalANGLEKit;
		};
/* End PBXContainerItemProxy section */

/* Begin PBXCopyFilesBuildPhase section */
		F0DAFF862C70DBD800EC7745 /* Embed Frameworks */ = {
			isa = PBXCopyFilesBuildPhase;
			buildActionMask = 2147483647;
			dstPath = "";
			dstSubfolderSpec = 10;
			files = (
				F0DAFF852C70DBD800EC7745 /* MetalANGLEKit.framework in Embed Frameworks */,
			);
			name = "Embed Frameworks";
			runOnlyForDeploymentPostprocessing = 0;
		};
/* End PBXCopyFilesBuildPhase section */

/* Begin PBXFileReference section */
		F098B65E2C6E43B2005B999A /* MetalANGLEKitSample.app */ = {isa = PBXFileReference; explicitFileType = wrapper.application; includeInIndex = 0; path = MetalANGLEKitSample.app; sourceTree = BUILT_PRODUCTS_DIR; };
		F098B6612C6E43B2005B999A /* AppDelegate.swift */ = {isa = PBXFileReference; lastKnownFileType = sourcecode.swift; path = AppDelegate.swift; sourceTree = "<group>"; };
		F098B6682C6E43B2005B999A /* Base */ = {isa = PBXFileReference; lastKnownFileType = file.storyboard; name = Base; path = Base.lproj/Main.storyboard; sourceTree = "<group>"; };
		F098B66A2C6E43B4005B999A /* Assets.xcassets */ = {isa = PBXFileReference; lastKnownFileType = folder.assetcatalog; path = Assets.xcassets; sourceTree = "<group>"; };
		F098B66D2C6E43B4005B999A /* Base */ = {isa = PBXFileReference; lastKnownFileType = file.storyboard; name = Base; path = Base.lproj/LaunchScreen.storyboard; sourceTree = "<group>"; };
		F098B66F2C6E43B4005B999A /* Info.plist */ = {isa = PBXFileReference; lastKnownFileType = text.plist.xml; path = Info.plist; sourceTree = "<group>"; };
		F098B6762C6EA0DA005B999A /* MGLKitSampleSwiftApp.entitlements */ = {isa = PBXFileReference; fileEncoding = 4; lastKnownFileType = text.plist.entitlements; path = MGLKitSampleSwiftApp.entitlements; sourceTree = "<group>"; };
		F098B6772C6EA0DA005B999A /* MetalANGLEKit-BridgingHeader.h */ = {isa = PBXFileReference; fileEncoding = 4; lastKnownFileType = sourcecode.c.h; path = "MetalANGLEKit-BridgingHeader.h"; sourceTree = "<group>"; };
		F098B67F2C6EA0DA005B999A /* GLView.swift */ = {isa = PBXFileReference; fileEncoding = 4; lastKnownFileType = sourcecode.swift; path = GLView.swift; sourceTree = "<group>"; };
		F098B6802C6EA0DA005B999A /* GLViewController.swift */ = {isa = PBXFileReference; fileEncoding = 4; lastKnownFileType = sourcecode.swift; path = GLViewController.swift; sourceTree = "<group>"; };
		F098B6812C6EA0DA005B999A /* Assets.xcassets */ = {isa = PBXFileReference; lastKnownFileType = folder.assetcatalog; path = Assets.xcassets; sourceTree = "<group>"; };
		F0DAFF7B2C70DA7500EC7745 /* MetalANGLEKit.xcodeproj */ = {isa = PBXFileReference; lastKnownFileType = "wrapper.pb-project"; path = MetalANGLEKit.xcodeproj; sourceTree = "<group>"; };
/* End PBXFileReference section */

/* Begin PBXFrameworksBuildPhase section */
		F098B65B2C6E43B2005B999A /* Frameworks */ = {
			isa = PBXFrameworksBuildPhase;
			buildActionMask = 2147483647;
			files = (
				F0DAFF842C70DBD800EC7745 /* MetalANGLEKit.framework in Frameworks */,
			);
			runOnlyForDeploymentPostprocessing = 0;
		};
/* End PBXFrameworksBuildPhase section */

/* Begin PBXGroup section */
		F098B6552C6E43B2005B999A = {
			isa = PBXGroup;
			children = (
				F0DAFF7B2C70DA7500EC7745 /* MetalANGLEKit.xcodeproj */,
				F098B6602C6E43B2005B999A /* MetalANGLEKitSample */,
				F098B65F2C6E43B2005B999A /* Products */,
				F0DAFF782C70DA0E00EC7745 /* Frameworks */,
			);
			sourceTree = "<group>";
		};
		F098B65F2C6E43B2005B999A /* Products */ = {
			isa = PBXGroup;
			children = (
				F098B65E2C6E43B2005B999A /* MetalANGLEKitSample.app */,
			);
			name = Products;
			sourceTree = "<group>";
		};
		F098B6602C6E43B2005B999A /* MetalANGLEKitSample */ = {
			isa = PBXGroup;
			children = (
				F098B6812C6EA0DA005B999A /* Assets.xcassets */,
				F098B67F2C6EA0DA005B999A /* GLView.swift */,
				F098B6802C6EA0DA005B999A /* GLViewController.swift */,
				F098B6772C6EA0DA005B999A /* MetalANGLEKit-BridgingHeader.h */,
				F098B6762C6EA0DA005B999A /* MGLKitSampleSwiftApp.entitlements */,
				F098B6612C6E43B2005B999A /* AppDelegate.swift */,
				F098B6672C6E43B2005B999A /* Main.storyboard */,
				F098B66A2C6E43B4005B999A /* Assets.xcassets */,
				F098B66C2C6E43B4005B999A /* LaunchScreen.storyboard */,
				F098B66F2C6E43B4005B999A /* Info.plist */,
			);
			path = MetalANGLEKitSample;
			sourceTree = "<group>";
		};
		F0DAFF782C70DA0E00EC7745 /* Frameworks */ = {
			isa = PBXGroup;
			children = (
			);
			name = Frameworks;
			sourceTree = "<group>";
		};
		F0DAFF7C2C70DA7500EC7745 /* Products */ = {
			isa = PBXGroup;
			children = (
				F0DAFF802C70DA7500EC7745 /* MetalANGLEKit.framework */,
			);
			name = Products;
			sourceTree = "<group>";
		};
/* End PBXGroup section */

/* Begin PBXNativeTarget section */
		F098B65D2C6E43B2005B999A /* MetalANGLEKitSample */ = {
			isa = PBXNativeTarget;
			buildConfigurationList = F098B6722C6E43B4005B999A /* Build configuration list for PBXNativeTarget "MetalANGLEKitSample" */;
			buildPhases = (
				F098B65A2C6E43B2005B999A /* Sources */,
				F098B65B2C6E43B2005B999A /* Frameworks */,
				F098B65C2C6E43B2005B999A /* Resources */,
				F0DAFF862C70DBD800EC7745 /* Embed Frameworks */,
			);
			buildRules = (
			);
			dependencies = (
			);
			name = MetalANGLEKitSample;
			productName = MetalANGLEKitSample;
			productReference = F098B65E2C6E43B2005B999A /* MetalANGLEKitSample.app */;
			productType = "com.apple.product-type.application";
		};
/* End PBXNativeTarget section */

/* Begin PBXProject section */
		F098B6562C6E43B2005B999A /* Project object */ = {
			isa = PBXProject;
			attributes = {
				BuildIndependentTargetsInParallel = 1;
				LastSwiftUpdateCheck = 1540;
				LastUpgradeCheck = 1540;
				TargetAttributes = {
					F098B65D2C6E43B2005B999A = {
						CreatedOnToolsVersion = 15.4;
					};
				};
			};
			buildConfigurationList = F098B6592C6E43B2005B999A /* Build configuration list for PBXProject "MetalANGLEKitSample" */;
			compatibilityVersion = "Xcode 14.0";
			developmentRegion = en;
			hasScannedForEncodings = 0;
			knownRegions = (
				en,
				Base,
			);
			mainGroup = F098B6552C6E43B2005B999A;
			productRefGroup = F098B65F2C6E43B2005B999A /* Products */;
			projectDirPath = "";
			projectReferences = (
				{
					ProductGroup = F0DAFF7C2C70DA7500EC7745 /* Products */;
					ProjectRef = F0DAFF7B2C70DA7500EC7745 /* MetalANGLEKit.xcodeproj */;
				},
			);
			projectRoot = "";
			targets = (
				F098B65D2C6E43B2005B999A /* MetalANGLEKitSample */,
			);
		};
/* End PBXProject section */

/* Begin PBXReferenceProxy section */
		F0DAFF802C70DA7500EC7745 /* MetalANGLEKit.framework */ = {
			isa = PBXReferenceProxy;
			fileType = wrapper.framework;
			path = MetalANGLEKit.framework;
			remoteRef = F0DAFF7F2C70DA7500EC7745 /* PBXContainerItemProxy */;
			sourceTree = BUILT_PRODUCTS_DIR;
		};
/* End PBXReferenceProxy section */

/* Begin PBXResourcesBuildPhase section */
		F098B65C2C6E43B2005B999A /* Resources */ = {
			isa = PBXResourcesBuildPhase;
			buildActionMask = 2147483647;
			files = (
				F098B66B2C6E43B4005B999A /* Assets.xcassets in Resources */,
				F098B66E2C6E43B4005B999A /* Base in Resources */,
				F098B6892C6EA0DA005B999A /* Assets.xcassets in Resources */,
				F098B6692C6E43B2005B999A /* Base in Resources */,
			);
			runOnlyForDeploymentPostprocessing = 0;
		};
/* End PBXResourcesBuildPhase section */

/* Begin PBXSourcesBuildPhase section */
		F098B65A2C6E43B2005B999A /* Sources */ = {
			isa = PBXSourcesBuildPhase;
			buildActionMask = 2147483647;
			files = (
				F098B6882C6EA0DA005B999A /* GLViewController.swift in Sources */,
				F098B6622C6E43B2005B999A /* AppDelegate.swift in Sources */,
				F098B6872C6EA0DA005B999A /* GLView.swift in Sources */,
			);
			runOnlyForDeploymentPostprocessing = 0;
		};
/* End PBXSourcesBuildPhase section */

/* Begin PBXVariantGroup section */
		F098B6672C6E43B2005B999A /* Main.storyboard */ = {
			isa = PBXVariantGroup;
			children = (
				F098B6682C6E43B2005B999A /* Base */,
			);
			name = Main.storyboard;
			sourceTree = "<group>";
		};
		F098B66C2C6E43B4005B999A /* LaunchScreen.storyboard */ = {
			isa = PBXVariantGroup;
			children = (
				F098B66D2C6E43B4005B999A /* Base */,
			);
			name = LaunchScreen.storyboard;
			sourceTree = "<group>";
		};
/* End PBXVariantGroup section */

/* Begin XCBuildConfiguration section */
		F098B6702C6E43B4005B999A /* Debug */ = {
			isa = XCBuildConfiguration;
			buildSettings = {
				ALWAYS_SEARCH_USER_PATHS = NO;
				ASSETCATALOG_COMPILER_GENERATE_SWIFT_ASSET_SYMBOL_EXTENSIONS = YES;
				CLANG_ANALYZER_NONNULL = YES;
				CLANG_ANALYZER_NUMBER_OBJECT_CONVERSION = YES_AGGRESSIVE;
				CLANG_CXX_LANGUAGE_STANDARD = "gnu++20";
				CLANG_ENABLE_MODULES = YES;
				CLANG_ENABLE_OBJC_ARC = YES;
				CLANG_ENABLE_OBJC_WEAK = YES;
				CLANG_WARN_BLOCK_CAPTURE_AUTORELEASING = YES;
				CLANG_WARN_BOOL_CONVERSION = YES;
				CLANG_WARN_COMMA = YES;
				CLANG_WARN_CONSTANT_CONVERSION = YES;
				CLANG_WARN_DEPRECATED_OBJC_IMPLEMENTATIONS = YES;
				CLANG_WARN_DIRECT_OBJC_ISA_USAGE = YES_ERROR;
				CLANG_WARN_DOCUMENTATION_COMMENTS = YES;
				CLANG_WARN_EMPTY_BODY = YES;
				CLANG_WARN_ENUM_CONVERSION = YES;
				CLANG_WARN_INFINITE_RECURSION = YES;
				CLANG_WARN_INT_CONVERSION = YES;
				CLANG_WARN_NON_LITERAL_NULL_CONVERSION = YES;
				CLANG_WARN_OBJC_IMPLICIT_RETAIN_SELF = YES;
				CLANG_WARN_OBJC_LITERAL_CONVERSION = YES;
				CLANG_WARN_OBJC_ROOT_CLASS = YES_ERROR;
				CLANG_WARN_QUOTED_INCLUDE_IN_FRAMEWORK_HEADER = YES;
				CLANG_WARN_RANGE_LOOP_ANALYSIS = YES;
				CLANG_WARN_STRICT_PROTOTYPES = YES;
				CLANG_WARN_SUSPICIOUS_MOVE = YES;
				CLANG_WARN_UNGUARDED_AVAILABILITY = YES_AGGRESSIVE;
				CLANG_WARN_UNREACHABLE_CODE = YES;
				CLANG_WARN__DUPLICATE_METHOD_MATCH = YES;
				COPY_PHASE_STRIP = NO;
				DEBUG_INFORMATION_FORMAT = dwarf;
				ENABLE_STRICT_OBJC_MSGSEND = YES;
				ENABLE_TESTABILITY = YES;
				ENABLE_USER_SCRIPT_SANDBOXING = YES;
				GCC_C_LANGUAGE_STANDARD = gnu17;
				GCC_DYNAMIC_NO_PIC = NO;
				GCC_NO_COMMON_BLOCKS = YES;
				GCC_OPTIMIZATION_LEVEL = 0;
				GCC_PREPROCESSOR_DEFINITIONS = (
					"DEBUG=1",
					"$(inherited)",
				);
				GCC_WARN_64_TO_32_BIT_CONVERSION = YES;
				GCC_WARN_ABOUT_RETURN_TYPE = YES_ERROR;
				GCC_WARN_UNDECLARED_SELECTOR = YES;
				GCC_WARN_UNINITIALIZED_AUTOS = YES_AGGRESSIVE;
				GCC_WARN_UNUSED_FUNCTION = YES;
				GCC_WARN_UNUSED_VARIABLE = YES;
				IPHONEOS_DEPLOYMENT_TARGET = 17.5;
				LOCALIZATION_PREFERS_STRING_CATALOGS = YES;
				MTL_ENABLE_DEBUG_INFO = INCLUDE_SOURCE;
				MTL_FAST_MATH = YES;
				ONLY_ACTIVE_ARCH = YES;
				SDKROOT = iphoneos;
				SWIFT_ACTIVE_COMPILATION_CONDITIONS = "DEBUG $(inherited)";
				SWIFT_OPTIMIZATION_LEVEL = "-Onone";
			};
			name = Debug;
		};
		F098B6712C6E43B4005B999A /* Release */ = {
			isa = XCBuildConfiguration;
			buildSettings = {
				ALWAYS_SEARCH_USER_PATHS = NO;
				ASSETCATALOG_COMPILER_GENERATE_SWIFT_ASSET_SYMBOL_EXTENSIONS = YES;
				CLANG_ANALYZER_NONNULL = YES;
				CLANG_ANALYZER_NUMBER_OBJECT_CONVERSION = YES_AGGRESSIVE;
				CLANG_CXX_LANGUAGE_STANDARD = "gnu++20";
				CLANG_ENABLE_MODULES = YES;
				CLANG_ENABLE_OBJC_ARC = YES;
				CLANG_ENABLE_OBJC_WEAK = YES;
				CLANG_WARN_BLOCK_CAPTURE_AUTORELEASING = YES;
				CLANG_WARN_BOOL_CONVERSION = YES;
				CLANG_WARN_COMMA = YES;
				CLANG_WARN_CONSTANT_CONVERSION = YES;
				CLANG_WARN_DEPRECATED_OBJC_IMPLEMENTATIONS = YES;
				CLANG_WARN_DIRECT_OBJC_ISA_USAGE = YES_ERROR;
				CLANG_WARN_DOCUMENTATION_COMMENTS = YES;
				CLANG_WARN_EMPTY_BODY = YES;
				CLANG_WARN_ENUM_CONVERSION = YES;
				CLANG_WARN_INFINITE_RECURSION = YES;
				CLANG_WARN_INT_CONVERSION = YES;
				CLANG_WARN_NON_LITERAL_NULL_CONVERSION = YES;
				CLANG_WARN_OBJC_IMPLICIT_RETAIN_SELF = YES;
				CLANG_WARN_OBJC_LITERAL_CONVERSION = YES;
				CLANG_WARN_OBJC_ROOT_CLASS = YES_ERROR;
				CLANG_WARN_QUOTED_INCLUDE_IN_FRAMEWORK_HEADER = YES;
				CLANG_WARN_RANGE_LOOP_ANALYSIS = YES;
				CLANG_WARN_STRICT_PROTOTYPES = YES;
				CLANG_WARN_SUSPICIOUS_MOVE = YES;
				CLANG_WARN_UNGUARDED_AVAILABILITY = YES_AGGRESSIVE;
				CLANG_WARN_UNREACHABLE_CODE = YES;
				CLANG_WARN__DUPLICATE_METHOD_MATCH = YES;
				COPY_PHASE_STRIP = NO;
				DEBUG_INFORMATION_FORMAT = "dwarf-with-dsym";
				ENABLE_NS_ASSERTIONS = NO;
				ENABLE_STRICT_OBJC_MSGSEND = YES;
				ENABLE_USER_SCRIPT_SANDBOXING = YES;
				GCC_C_LANGUAGE_STANDARD = gnu17;
				GCC_NO_COMMON_BLOCKS = YES;
				GCC_WARN_64_TO_32_BIT_CONVERSION = YES;
				GCC_WARN_ABOUT_RETURN_TYPE = YES_ERROR;
				GCC_WARN_UNDECLARED_SELECTOR = YES;
				GCC_WARN_UNINITIALIZED_AUTOS = YES_AGGRESSIVE;
				GCC_WARN_UNUSED_FUNCTION = YES;
				GCC_WARN_UNUSED_VARIABLE = YES;
				IPHONEOS_DEPLOYMENT_TARGET = 17.5;
				LOCALIZATION_PREFERS_STRING_CATALOGS = YES;
				MTL_ENABLE_DEBUG_INFO = NO;
				MTL_FAST_MATH = YES;
				SDKROOT = iphoneos;
				SWIFT_COMPILATION_MODE = wholemodule;
				VALIDATE_PRODUCT = YES;
			};
			name = Release;
		};
		F098B6732C6E43B4005B999A /* Debug */ = {
			isa = XCBuildConfiguration;
			buildSettings = {
				ASSETCATALOG_COMPILER_APPICON_NAME = AppIcon;
				ASSETCATALOG_COMPILER_GLOBAL_ACCENT_COLOR_NAME = AccentColor;
				CODE_SIGN_STYLE = Automatic;
				CURRENT_PROJECT_VERSION = 1;
				GENERATE_INFOPLIST_FILE = YES;
				INFOPLIST_FILE = MetalANGLEKitSample/Info.plist;
				INFOPLIST_KEY_UIApplicationSupportsIndirectInputEvents = YES;
				INFOPLIST_KEY_UILaunchStoryboardName = LaunchScreen;
				INFOPLIST_KEY_UIMainStoryboardFile = Main;
				INFOPLIST_KEY_UISupportedInterfaceOrientations_iPad = "UIInterfaceOrientationPortrait UIInterfaceOrientationPortraitUpsideDown UIInterfaceOrientationLandscapeLeft UIInterfaceOrientationLandscapeRight";
				INFOPLIST_KEY_UISupportedInterfaceOrientations_iPhone = "UIInterfaceOrientationPortrait UIInterfaceOrientationLandscapeLeft UIInterfaceOrientationLandscapeRight";
				LD_RUNPATH_SEARCH_PATHS = (
					"$(inherited)",
					"@executable_path/Frameworks",
				);
				MARKETING_VERSION = 1.0;
				PRODUCT_BUNDLE_IDENTIFIER = com.libgdx.MetalANGLEKitSample;
				PRODUCT_NAME = "$(TARGET_NAME)";
				SWIFT_EMIT_LOC_STRINGS = YES;
				SWIFT_VERSION = 5.0;
				TARGETED_DEVICE_FAMILY = "1,2";
			};
			name = Debug;
		};
		F098B6742C6E43B4005B999A /* Release */ = {
			isa = XCBuildConfiguration;
			buildSettings = {
				ASSETCATALOG_COMPILER_APPICON_NAME = AppIcon;
				ASSETCATALOG_COMPILER_GLOBAL_ACCENT_COLOR_NAME = AccentColor;
				CODE_SIGN_STYLE = Automatic;
				CURRENT_PROJECT_VERSION = 1;
				GENERATE_INFOPLIST_FILE = YES;
				INFOPLIST_FILE = MetalANGLEKitSample/Info.plist;
				INFOPLIST_KEY_UIApplicationSupportsIndirectInputEvents = YES;
				INFOPLIST_KEY_UILaunchStoryboardName = LaunchScreen;
				INFOPLIST_KEY_UIMainStoryboardFile = Main;
				INFOPLIST_KEY_UISupportedInterfaceOrientations_iPad = "UIInterfaceOrientationPortrait UIInterfaceOrientationPortraitUpsideDown UIInterfaceOrientationLandscapeLeft UIInterfaceOrientationLandscapeRight";
				INFOPLIST_KEY_UISupportedInterfaceOrientations_iPhone = "UIInterfaceOrientationPortrait UIInterfaceOrientationLandscapeLeft UIInterfaceOrientationLandscapeRight";
				LD_RUNPATH_SEARCH_PATHS = (
					"$(inherited)",
					"@executable_path/Frameworks",
				);
				MARKETING_VERSION = 1.0;
				PRODUCT_BUNDLE_IDENTIFIER = com.libgdx.MetalANGLEKitSample;
				PRODUCT_NAME = "$(TARGET_NAME)";
				SWIFT_EMIT_LOC_STRINGS = YES;
				SWIFT_VERSION = 5.0;
				TARGETED_DEVICE_FAMILY = "1,2";
			};
			name = Release;
		};
/* End XCBuildConfiguration section */

/* Begin XCConfigurationList section */
		F098B6592C6E43B2005B999A /* Build configuration list for PBXProject "MetalANGLEKitSample" */ = {
			isa = XCConfigurationList;
			buildConfigurations = (
				F098B6702C6E43B4005B999A /* Debug */,
				F098B6712C6E43B4005B999A /* Release */,
			);
			defaultConfigurationIsVisible = 0;
			defaultConfigurationName = Release;
		};
		F098B6722C6E43B4005B999A /* Build configuration list for PBXNativeTarget "MetalANGLEKitSample" */ = {
			isa = XCConfigurationList;
			buildConfigurations = (
				F098B6732C6E43B4005B999A /* Debug */,
				F098B6742C6E43B4005B999A /* Release */,
			);
			defaultConfigurationIsVisible = 0;
			defaultConfigurationName = Release;
		};
/* End XCConfigurationList section */
	};
	rootObject = F098B6562C6E43B2005B999A /* Project object */;
}
